
Microsoft Visual Studio Solution File, Format Version 12.00
# Visual Studio Version 16
VisualStudioVersion = 16.0.31613.86
MinimumVisualStudioVersion = 10.0.40219.1
Project("{FAE04EC0-301F-11D3-BF4B-00C04F79EFBC}") = "entrevista", "entrevista\entrevista.csproj", "{1E6959EC-023F-4640-9F23-CB4EFE6BFE12}"
EndProject
Global
	GlobalSection(SolutionConfigurationPlatforms) = preSolution
		Debug|Any CPU = Debug|Any CPU
		Release|Any CPU = Release|Any CPU
	EndGlobalSection
	GlobalSection(ProjectConfigurationPlatforms) = postSolution
		{1E6959EC-023F-4640-9F23-CB4EFE6BFE12}.Debug|Any CPU.ActiveCfg = Debug|Any CPU
		{1E6959EC-023F-4640-9F23-CB4EFE6BFE12}.Debug|Any CPU.Build.0 = Debug|Any CPU
		{1E6959EC-023F-4640-9F23-CB4EFE6BFE12}.Release|Any CPU.ActiveCfg = Release|Any CPU
		{1E6959EC-023F-4640-9F23-CB4EFE6BFE12}.Release|Any CPU.Build.0 = Release|Any CPU
	EndGlobalSection
	GlobalSection(SolutionProperties) = preSolution
		HideSolutionNode = FALSE
	EndGlobalSection
	GlobalSection(ExtensibilityGlobals) = postSolution
		SolutionGuid = {64B219A7-4421-4CA5-A260-F197F8A62DFF}
	EndGlobalSection
EndGlobal
